
Microsoft Visual Studio Solution File, Format Version 12.00
# Visual Studio Version 17
VisualStudioVersion = 17.0.31903.59
MinimumVisualStudioVersion = 10.0.40219.1
Project("{FAE04EC0-301F-11D3-BF4B-00C04F79EFBC}") = "Movies.Api", "Movies.Api\Movies.Api.csproj", "{42FFAF6E-A3A7-4A2B-8D9B-E7424F173162}"
EndProject
Project("{FAE04EC0-301F-11D3-BF4B-00C04F79EFBC}") = "Movies.Application", "Movies.Application\Movies.Application.csproj", "{AB603955-400E-4CB5-A7B6-2A220C9FE54D}"
EndProject
Project("{FAE04EC0-301F-11D3-BF4B-00C04F79EFBC}") = "Movies.Contracts", "Movies.Contracts\Movies.Contracts.csproj", "{EE4007C5-232E-4993-8E8D-8AEA685BC5A2}"
EndProject
Global
	GlobalSection(SolutionConfigurationPlatforms) = preSolution
		Debug|Any CPU = Debug|Any CPU
		Release|Any CPU = Release|Any CPU
	EndGlobalSection
	GlobalSection(SolutionProperties) = preSolution
		HideSolutionNode = FALSE
	EndGlobalSection
	GlobalSection(ProjectConfigurationPlatforms) = postSolution
		{42FFAF6E-A3A7-4A2B-8D9B-E7424F173162}.Debug|Any CPU.ActiveCfg = Debug|Any CPU
		{42FFAF6E-A3A7-4A2B-8D9B-E7424F173162}.Debug|Any CPU.Build.0 = Debug|Any CPU
		{42FFAF6E-A3A7-4A2B-8D9B-E7424F173162}.Release|Any CPU.ActiveCfg = Release|Any CPU
		{42FFAF6E-A3A7-4A2B-8D9B-E7424F173162}.Release|Any CPU.Build.0 = Release|Any CPU
		{AB603955-400E-4CB5-A7B6-2A220C9FE54D}.Debug|Any CPU.ActiveCfg = Debug|Any CPU
		{AB603955-400E-4CB5-A7B6-2A220C9FE54D}.Debug|Any CPU.Build.0 = Debug|Any CPU
		{AB603955-400E-4CB5-A7B6-2A220C9FE54D}.Release|Any CPU.ActiveCfg = Release|Any CPU
		{AB603955-400E-4CB5-A7B6-2A220C9FE54D}.Release|Any CPU.Build.0 = Release|Any CPU
		{EE4007C5-232E-4993-8E8D-8AEA685BC5A2}.Debug|Any CPU.ActiveCfg = Debug|Any CPU
		{EE4007C5-232E-4993-8E8D-8AEA685BC5A2}.Debug|Any CPU.Build.0 = Debug|Any CPU
		{EE4007C5-232E-4993-8E8D-8AEA685BC5A2}.Release|Any CPU.ActiveCfg = Release|Any CPU
		{EE4007C5-232E-4993-8E8D-8AEA685BC5A2}.Release|Any CPU.Build.0 = Release|Any CPU
	EndGlobalSection
EndGlobal
